// !$*UTF8*$!
{
	archiveVersion = 1;
	classes = {
	};
	objectVersion = 50;
	objects = {

/* Begin PBXBuildFile section */
		5B99E9D9085D48E8732C0318 /* Pods_Langgan_ios.framework in Frameworks */ = {isa = PBXBuildFile; fileRef = 2DF8417C8D4A57A680E48DD0 /* Pods_Langgan_ios.framework */; };
		BB05706E221058C700F73DB6 /* AppDelegate.swift in Sources */ = {isa = PBXBuildFile; fileRef = BB05706D221058C700F73DB6 /* AppDelegate.swift */; };
		BB057073221058C700F73DB6 /* Main.storyboard in Resources */ = {isa = PBXBuildFile; fileRef = BB057071221058C700F73DB6 /* Main.storyboard */; };
		BB057075221058C800F73DB6 /* Assets.xcassets in Resources */ = {isa = PBXBuildFile; fileRef = BB057074221058C800F73DB6 /* Assets.xcassets */; };
		BB057078221058C800F73DB6 /* LaunchScreen.storyboard in Resources */ = {isa = PBXBuildFile; fileRef = BB057076221058C800F73DB6 /* LaunchScreen.storyboard */; };
		BB05708522105CD600F73DB6 /* DataAccess.swift in Sources */ = {isa = PBXBuildFile; fileRef = BB05708422105CD600F73DB6 /* DataAccess.swift */; };
		BB057087221060FE00F73DB6 /* LoginViewController.swift in Sources */ = {isa = PBXBuildFile; fileRef = BB057086221060FE00F73DB6 /* LoginViewController.swift */; };
		BB0570892210783200F73DB6 /* MainViewController.swift in Sources */ = {isa = PBXBuildFile; fileRef = BB0570882210783200F73DB6 /* MainViewController.swift */; };
/* End PBXBuildFile section */

/* Begin PBXFileReference section */
		230FBB2B7B81DF9F14F21CC4 /* Pods-Langgan-ios.release.xcconfig */ = {isa = PBXFileReference; includeInIndex = 1; lastKnownFileType = text.xcconfig; name = "Pods-Langgan-ios.release.xcconfig"; path = "Pods/Target Support Files/Pods-Langgan-ios/Pods-Langgan-ios.release.xcconfig"; sourceTree = "<group>"; };
		2DF8417C8D4A57A680E48DD0 /* Pods_Langgan_ios.framework */ = {isa = PBXFileReference; explicitFileType = wrapper.framework; includeInIndex = 0; path = Pods_Langgan_ios.framework; sourceTree = BUILT_PRODUCTS_DIR; };
		46E4BD0A6A568AF8769CE5EB /* Pods-Langgan-ios.debug.xcconfig */ = {isa = PBXFileReference; includeInIndex = 1; lastKnownFileType = text.xcconfig; name = "Pods-Langgan-ios.debug.xcconfig"; path = "Pods/Target Support Files/Pods-Langgan-ios/Pods-Langgan-ios.debug.xcconfig"; sourceTree = "<group>"; };
		BB05706A221058C700F73DB6 /* Langgan-ios.app */ = {isa = PBXFileReference; explicitFileType = wrapper.application; includeInIndex = 0; path = "Langgan-ios.app"; sourceTree = BUILT_PRODUCTS_DIR; };
		BB05706D221058C700F73DB6 /* AppDelegate.swift */ = {isa = PBXFileReference; lastKnownFileType = sourcecode.swift; path = AppDelegate.swift; sourceTree = "<group>"; };
		BB057072221058C700F73DB6 /* Base */ = {isa = PBXFileReference; lastKnownFileType = file.storyboard; name = Base; path = Base.lproj/Main.storyboard; sourceTree = "<group>"; };
		BB057074221058C800F73DB6 /* Assets.xcassets */ = {isa = PBXFileReference; lastKnownFileType = folder.assetcatalog; path = Assets.xcassets; sourceTree = "<group>"; };
		BB057077221058C800F73DB6 /* Base */ = {isa = PBXFileReference; lastKnownFileType = file.storyboard; name = Base; path = Base.lproj/LaunchScreen.storyboard; sourceTree = "<group>"; };
		BB057079221058C800F73DB6 /* Info.plist */ = {isa = PBXFileReference; lastKnownFileType = text.plist.xml; path = Info.plist; sourceTree = "<group>"; };
		BB05708422105CD600F73DB6 /* DataAccess.swift */ = {isa = PBXFileReference; lastKnownFileType = sourcecode.swift; path = DataAccess.swift; sourceTree = "<group>"; };
		BB057086221060FE00F73DB6 /* LoginViewController.swift */ = {isa = PBXFileReference; lastKnownFileType = sourcecode.swift; path = LoginViewController.swift; sourceTree = "<group>"; };
		BB0570882210783200F73DB6 /* MainViewController.swift */ = {isa = PBXFileReference; lastKnownFileType = sourcecode.swift; path = MainViewController.swift; sourceTree = "<group>"; };
/* End PBXFileReference section */

/* Begin PBXFrameworksBuildPhase section */
		BB057067221058C700F73DB6 /* Frameworks */ = {
			isa = PBXFrameworksBuildPhase;
			buildActionMask = 2147483647;
			files = (
				5B99E9D9085D48E8732C0318 /* Pods_Langgan_ios.framework in Frameworks */,
			);
			runOnlyForDeploymentPostprocessing = 0;
		};
/* End PBXFrameworksBuildPhase section */

/* Begin PBXGroup section */
		03D056CEDA53673D49FC7517 /* Frameworks */ = {
			isa = PBXGroup;
			children = (
				2DF8417C8D4A57A680E48DD0 /* Pods_Langgan_ios.framework */,
			);
			name = Frameworks;
			sourceTree = "<group>";
		};
		34DBE0D22E9EC4376D0C219E /* Pods */ = {
			isa = PBXGroup;
			children = (
				46E4BD0A6A568AF8769CE5EB /* Pods-Langgan-ios.debug.xcconfig */,
				230FBB2B7B81DF9F14F21CC4 /* Pods-Langgan-ios.release.xcconfig */,
			);
			name = Pods;
			sourceTree = "<group>";
		};
		BB057061221058C700F73DB6 = {
			isa = PBXGroup;
			children = (
				BB05706C221058C700F73DB6 /* Langgan-ios */,
				BB05706B221058C700F73DB6 /* Products */,
				34DBE0D22E9EC4376D0C219E /* Pods */,
				03D056CEDA53673D49FC7517 /* Frameworks */,
			);
			sourceTree = "<group>";
		};
		BB05706B221058C700F73DB6 /* Products */ = {
			isa = PBXGroup;
			children = (
				BB05706A221058C700F73DB6 /* Langgan-ios.app */,
			);
			name = Products;
			sourceTree = "<group>";
		};
		BB05706C221058C700F73DB6 /* Langgan-ios */ = {
			isa = PBXGroup;
			children = (
				BB05708322105CBC00F73DB6 /* Helper */,
				BB05708222105AB500F73DB6 /* View */,
				BB05708122105AA400F73DB6 /* Model */,
				BB05708022105A8900F73DB6 /* Controller */,
				BB05706D221058C700F73DB6 /* AppDelegate.swift */,
				BB057071221058C700F73DB6 /* Main.storyboard */,
				BB057074221058C800F73DB6 /* Assets.xcassets */,
				BB057076221058C800F73DB6 /* LaunchScreen.storyboard */,
				BB057079221058C800F73DB6 /* Info.plist */,
			);
			path = "Langgan-ios";
			sourceTree = "<group>";
		};
		BB05708022105A8900F73DB6 /* Controller */ = {
			isa = PBXGroup;
			children = (
				BB057086221060FE00F73DB6 /* LoginViewController.swift */,
				BB0570882210783200F73DB6 /* MainViewController.swift */,
			);
			path = Controller;
			sourceTree = "<group>";
		};
		BB05708122105AA400F73DB6 /* Model */ = {
			isa = PBXGroup;
			children = (
			);
			path = Model;
			sourceTree = "<group>";
		};
		BB05708222105AB500F73DB6 /* View */ = {
			isa = PBXGroup;
			children = (
			);
			path = View;
			sourceTree = "<group>";
		};
		BB05708322105CBC00F73DB6 /* Helper */ = {
			isa = PBXGroup;
			children = (
				BB05708422105CD600F73DB6 /* DataAccess.swift */,
			);
			path = Helper;
			sourceTree = "<group>";
		};
/* End PBXGroup section */

/* Begin PBXNativeTarget section */
		BB057069221058C700F73DB6 /* Langgan-ios */ = {
			isa = PBXNativeTarget;
			buildConfigurationList = BB05707C221058C800F73DB6 /* Build configuration list for PBXNativeTarget "Langgan-ios" */;
			buildPhases = (
				846026E4A8A54250F93825B4 /* [CP] Check Pods Manifest.lock */,
				BB057066221058C700F73DB6 /* Sources */,
				BB057067221058C700F73DB6 /* Frameworks */,
				BB057068221058C700F73DB6 /* Resources */,
				C7E7494BA774D985F4336E63 /* [CP] Embed Pods Frameworks */,
			);
			buildRules = (
			);
			dependencies = (
			);
			name = "Langgan-ios";
			productName = "Langgan-ios";
			productReference = BB05706A221058C700F73DB6 /* Langgan-ios.app */;
			productType = "com.apple.product-type.application";
		};
/* End PBXNativeTarget section */

/* Begin PBXProject section */
		BB057062221058C700F73DB6 /* Project object */ = {
			isa = PBXProject;
			attributes = {
				LastSwiftUpdateCheck = 1010;
				LastUpgradeCheck = 1010;
				ORGANIZATIONNAME = Olsera;
				TargetAttributes = {
					BB057069221058C700F73DB6 = {
						CreatedOnToolsVersion = 10.1;
					};
				};
			};
			buildConfigurationList = BB057065221058C700F73DB6 /* Build configuration list for PBXProject "Langgan-ios" */;
			compatibilityVersion = "Xcode 9.3";
			developmentRegion = en;
			hasScannedForEncodings = 0;
			knownRegions = (
				en,
				Base,
			);
			mainGroup = BB057061221058C700F73DB6;
			productRefGroup = BB05706B221058C700F73DB6 /* Products */;
			projectDirPath = "";
			projectRoot = "";
			targets = (
				BB057069221058C700F73DB6 /* Langgan-ios */,
			);
		};
/* End PBXProject section */

/* Begin PBXResourcesBuildPhase section */
		BB057068221058C700F73DB6 /* Resources */ = {
			isa = PBXResourcesBuildPhase;
			buildActionMask = 2147483647;
			files = (
				BB057078221058C800F73DB6 /* LaunchScreen.storyboard in Resources */,
				BB057075221058C800F73DB6 /* Assets.xcassets in Resources */,
				BB057073221058C700F73DB6 /* Main.storyboard in Resources */,
			);
			runOnlyForDeploymentPostprocessing = 0;
		};
/* End PBXResourcesBuildPhase section */

/* Begin PBXShellScriptBuildPhase section */
		846026E4A8A54250F93825B4 /* [CP] Check Pods Manifest.lock */ = {
			isa = PBXShellScriptBuildPhase;
			buildActionMask = 2147483647;
			files = (
			);
			inputFileListPaths = (
			);
			inputPaths = (
				"${PODS_PODFILE_DIR_PATH}/Podfile.lock",
				"${PODS_ROOT}/Manifest.lock",
			);
			name = "[CP] Check Pods Manifest.lock";
			outputFileListPaths = (
			);
			outputPaths = (
				"$(DERIVED_FILE_DIR)/Pods-Langgan-ios-checkManifestLockResult.txt",
			);
			runOnlyForDeploymentPostprocessing = 0;
			shellPath = /bin/sh;
			shellScript = "diff \"${PODS_PODFILE_DIR_PATH}/Podfile.lock\" \"${PODS_ROOT}/Manifest.lock\" > /dev/null\nif [ $? != 0 ] ; then\n    # print error to STDERR\n    echo \"error: The sandbox is not in sync with the Podfile.lock. Run 'pod install' or update your CocoaPods installation.\" >&2\n    exit 1\nfi\n# This output is used by Xcode 'outputs' to avoid re-running this script phase.\necho \"SUCCESS\" > \"${SCRIPT_OUTPUT_FILE_0}\"\n";
			showEnvVarsInLog = 0;
		};
		C7E7494BA774D985F4336E63 /* [CP] Embed Pods Frameworks */ = {
			isa = PBXShellScriptBuildPhase;
			buildActionMask = 2147483647;
			files = (
			);
			inputFileListPaths = (
			);
			inputPaths = (
				"${SRCROOT}/Pods/Target Support Files/Pods-Langgan-ios/Pods-Langgan-ios-frameworks.sh",
				"${BUILT_PRODUCTS_DIR}/Alamofire/Alamofire.framework",
				"${BUILT_PRODUCTS_DIR}/KVNProgress/KVNProgress.framework",
				"${BUILT_PRODUCTS_DIR}/SwiftyJSON/SwiftyJSON.framework",
			);
			name = "[CP] Embed Pods Frameworks";
			outputFileListPaths = (
			);
			outputPaths = (
				"${TARGET_BUILD_DIR}/${FRAMEWORKS_FOLDER_PATH}/Alamofire.framework",
				"${TARGET_BUILD_DIR}/${FRAMEWORKS_FOLDER_PATH}/KVNProgress.framework",
				"${TARGET_BUILD_DIR}/${FRAMEWORKS_FOLDER_PATH}/SwiftyJSON.framework",
			);
			runOnlyForDeploymentPostprocessing = 0;
			shellPath = /bin/sh;
			shellScript = "\"${SRCROOT}/Pods/Target Support Files/Pods-Langgan-ios/Pods-Langgan-ios-frameworks.sh\"\n";
			showEnvVarsInLog = 0;
		};
/* End PBXShellScriptBuildPhase section */

/* Begin PBXSourcesBuildPhase section */
		BB057066221058C700F73DB6 /* Sources */ = {
			isa = PBXSourcesBuildPhase;
			buildActionMask = 2147483647;
			files = (
				BB057087221060FE00F73DB6 /* LoginViewController.swift in Sources */,
				BB05708522105CD600F73DB6 /* DataAccess.swift in Sources */,
				BB05706E221058C700F73DB6 /* AppDelegate.swift in Sources */,
				BB0570892210783200F73DB6 /* MainViewController.swift in Sources */,
			);
			runOnlyForDeploymentPostprocessing = 0;
		};
/* End PBXSourcesBuildPhase section */

/* Begin PBXVariantGroup section */
		BB057071221058C700F73DB6 /* Main.storyboard */ = {
			isa = PBXVariantGroup;
			children = (
				BB057072221058C700F73DB6 /* Base */,
			);
			name = Main.storyboard;
			sourceTree = "<group>";
		};
		BB057076221058C800F73DB6 /* LaunchScreen.storyboard */ = {
			isa = PBXVariantGroup;
			children = (
				BB057077221058C800F73DB6 /* Base */,
			);
			name = LaunchScreen.storyboard;
			sourceTree = "<group>";
		};
/* End PBXVariantGroup section */

/* Begin XCBuildConfiguration section */
		BB05707A221058C800F73DB6 /* Debug */ = {
			isa = XCBuildConfiguration;
			buildSettings = {
				ALWAYS_SEARCH_USER_PATHS = NO;
				CLANG_ANALYZER_NONNULL = YES;
				CLANG_ANALYZER_NUMBER_OBJECT_CONVERSION = YES_AGGRESSIVE;
				CLANG_CXX_LANGUAGE_STANDARD = "gnu++14";
				CLANG_CXX_LIBRARY = "libc++";
				CLANG_ENABLE_MODULES = YES;
				CLANG_ENABLE_OBJC_ARC = YES;
				CLANG_ENABLE_OBJC_WEAK = YES;
				CLANG_WARN_BLOCK_CAPTURE_AUTORELEASING = YES;
				CLANG_WARN_BOOL_CONVERSION = YES;
				CLANG_WARN_COMMA = YES;
				CLANG_WARN_CONSTANT_CONVERSION = YES;
				CLANG_WARN_DEPRECATED_OBJC_IMPLEMENTATIONS = YES;
				CLANG_WARN_DIRECT_OBJC_ISA_USAGE = YES_ERROR;
				CLANG_WARN_DOCUMENTATION_COMMENTS = YES;
				CLANG_WARN_EMPTY_BODY = YES;
				CLANG_WARN_ENUM_CONVERSION = YES;
				CLANG_WARN_INFINITE_RECURSION = YES;
				CLANG_WARN_INT_CONVERSION = YES;
				CLANG_WARN_NON_LITERAL_NULL_CONVERSION = YES;
				CLANG_WARN_OBJC_IMPLICIT_RETAIN_SELF = YES;
				CLANG_WARN_OBJC_LITERAL_CONVERSION = YES;
				CLANG_WARN_OBJC_ROOT_CLASS = YES_ERROR;
				CLANG_WARN_RANGE_LOOP_ANALYSIS = YES;
				CLANG_WARN_STRICT_PROTOTYPES = YES;
				CLANG_WARN_SUSPICIOUS_MOVE = YES;
				CLANG_WARN_UNGUARDED_AVAILABILITY = YES_AGGRESSIVE;
				CLANG_WARN_UNREACHABLE_CODE = YES;
				CLANG_WARN__DUPLICATE_METHOD_MATCH = YES;
				CODE_SIGN_IDENTITY = "iPhone Developer";
				COPY_PHASE_STRIP = NO;
				DEBUG_INFORMATION_FORMAT = dwarf;
				ENABLE_STRICT_OBJC_MSGSEND = YES;
				ENABLE_TESTABILITY = YES;
				GCC_C_LANGUAGE_STANDARD = gnu11;
				GCC_DYNAMIC_NO_PIC = NO;
				GCC_NO_COMMON_BLOCKS = YES;
				GCC_OPTIMIZATION_LEVEL = 0;
				GCC_PREPROCESSOR_DEFINITIONS = (
					"DEBUG=1",
					"$(inherited)",
				);
				GCC_WARN_64_TO_32_BIT_CONVERSION = YES;
				GCC_WARN_ABOUT_RETURN_TYPE = YES_ERROR;
				GCC_WARN_UNDECLARED_SELECTOR = YES;
				GCC_WARN_UNINITIALIZED_AUTOS = YES_AGGRESSIVE;
				GCC_WARN_UNUSED_FUNCTION = YES;
				GCC_WARN_UNUSED_VARIABLE = YES;
				IPHONEOS_DEPLOYMENT_TARGET = 12.1;
				MTL_ENABLE_DEBUG_INFO = INCLUDE_SOURCE;
				MTL_FAST_MATH = YES;
				ONLY_ACTIVE_ARCH = YES;
				SDKROOT = iphoneos;
				SWIFT_ACTIVE_COMPILATION_CONDITIONS = DEBUG;
				SWIFT_OPTIMIZATION_LEVEL = "-Onone";
			};
			name = Debug;
		};
		BB05707B221058C800F73DB6 /* Release */ = {
			isa = XCBuildConfiguration;
			buildSettings = {
				ALWAYS_SEARCH_USER_PATHS = NO;
				CLANG_ANALYZER_NONNULL = YES;
				CLANG_ANALYZER_NUMBER_OBJECT_CONVERSION = YES_AGGRESSIVE;
				CLANG_CXX_LANGUAGE_STANDARD = "gnu++14";
				CLANG_CXX_LIBRARY = "libc++";
				CLANG_ENABLE_MODULES = YES;
				CLANG_ENABLE_OBJC_ARC = YES;
				CLANG_ENABLE_OBJC_WEAK = YES;
				CLANG_WARN_BLOCK_CAPTURE_AUTORELEASING = YES;
				CLANG_WARN_BOOL_CONVERSION = YES;
				CLANG_WARN_COMMA = YES;
				CLANG_WARN_CONSTANT_CONVERSION = YES;
				CLANG_WARN_DEPRECATED_OBJC_IMPLEMENTATIONS = YES;
				CLANG_WARN_DIRECT_OBJC_ISA_USAGE = YES_ERROR;
				CLANG_WARN_DOCUMENTATION_COMMENTS = YES;
				CLANG_WARN_EMPTY_BODY = YES;
				CLANG_WARN_ENUM_CONVERSION = YES;
				CLANG_WARN_INFINITE_RECURSION = YES;
				CLANG_WARN_INT_CONVERSION = YES;
				CLANG_WARN_NON_LITERAL_NULL_CONVERSION = YES;
				CLANG_WARN_OBJC_IMPLICIT_RETAIN_SELF = YES;
				CLANG_WARN_OBJC_LITERAL_CONVERSION = YES;
				CLANG_WARN_OBJC_ROOT_CLASS = YES_ERROR;
				CLANG_WARN_RANGE_LOOP_ANALYSIS = YES;
				CLANG_WARN_STRICT_PROTOTYPES = YES;
				CLANG_WARN_SUSPICIOUS_MOVE = YES;
				CLANG_WARN_UNGUARDED_AVAILABILITY = YES_AGGRESSIVE;
				CLANG_WARN_UNREACHABLE_CODE = YES;
				CLANG_WARN__DUPLICATE_METHOD_MATCH = YES;
				CODE_SIGN_IDENTITY = "iPhone Developer";
				COPY_PHASE_STRIP = NO;
				DEBUG_INFORMATION_FORMAT = "dwarf-with-dsym";
				ENABLE_NS_ASSERTIONS = NO;
				ENABLE_STRICT_OBJC_MSGSEND = YES;
				GCC_C_LANGUAGE_STANDARD = gnu11;
				GCC_NO_COMMON_BLOCKS = YES;
				GCC_WARN_64_TO_32_BIT_CONVERSION = YES;
				GCC_WARN_ABOUT_RETURN_TYPE = YES_ERROR;
				GCC_WARN_UNDECLARED_SELECTOR = YES;
				GCC_WARN_UNINITIALIZED_AUTOS = YES_AGGRESSIVE;
				GCC_WARN_UNUSED_FUNCTION = YES;
				GCC_WARN_UNUSED_VARIABLE = YES;
				IPHONEOS_DEPLOYMENT_TARGET = 12.1;
				MTL_ENABLE_DEBUG_INFO = NO;
				MTL_FAST_MATH = YES;
				SDKROOT = iphoneos;
				SWIFT_COMPILATION_MODE = wholemodule;
				SWIFT_OPTIMIZATION_LEVEL = "-O";
				VALIDATE_PRODUCT = YES;
			};
			name = Release;
		};
		BB05707D221058C800F73DB6 /* Debug */ = {
			isa = XCBuildConfiguration;
			baseConfigurationReference = 46E4BD0A6A568AF8769CE5EB /* Pods-Langgan-ios.debug.xcconfig */;
			buildSettings = {
				ASSETCATALOG_COMPILER_APPICON_NAME = AppIcon;
				CODE_SIGN_STYLE = Automatic;
				INFOPLIST_FILE = "Langgan-ios/Info.plist";
				LD_RUNPATH_SEARCH_PATHS = (
					"$(inherited)",
					"@executable_path/Frameworks",
				);
				PRODUCT_BUNDLE_IDENTIFIER = "ios.langgan.com.Langgan-ios";
				PRODUCT_NAME = "$(TARGET_NAME)";
				SWIFT_VERSION = 4.2;
				TARGETED_DEVICE_FAMILY = "1,2";
			};
			name = Debug;
		};
		BB05707E221058C800F73DB6 /* Release */ = {
			isa = XCBuildConfiguration;
			baseConfigurationReference = 230FBB2B7B81DF9F14F21CC4 /* Pods-Langgan-ios.release.xcconfig */;
			buildSettings = {
				ASSETCATALOG_COMPILER_APPICON_NAME = AppIcon;
				CODE_SIGN_STYLE = Automatic;
				INFOPLIST_FILE = "Langgan-ios/Info.plist";
				LD_RUNPATH_SEARCH_PATHS = (
					"$(inherited)",
					"@executable_path/Frameworks",
				);
				PRODUCT_BUNDLE_IDENTIFIER = "ios.langgan.com.Langgan-ios";
				PRODUCT_NAME = "$(TARGET_NAME)";
				SWIFT_VERSION = 4.2;
				TARGETED_DEVICE_FAMILY = "1,2";
			};
			name = Release;
		};
/* End XCBuildConfiguration section */

/* Begin XCConfigurationList section */
		BB057065221058C700F73DB6 /* Build configuration list for PBXProject "Langgan-ios" */ = {
			isa = XCConfigurationList;
			buildConfigurations = (
				BB05707A221058C800F73DB6 /* Debug */,
				BB05707B221058C800F73DB6 /* Release */,
			);
			defaultConfigurationIsVisible = 0;
			defaultConfigurationName = Release;
		};
		BB05707C221058C800F73DB6 /* Build configuration list for PBXNativeTarget "Langgan-ios" */ = {
			isa = XCConfigurationList;
			buildConfigurations = (
				BB05707D221058C800F73DB6 /* Debug */,
				BB05707E221058C800F73DB6 /* Release */,
			);
			defaultConfigurationIsVisible = 0;
			defaultConfigurationName = Release;
		};
/* End XCConfigurationList section */
	};
	rootObject = BB057062221058C700F73DB6 /* Project object */;
}
